
Microsoft Visual Studio Solution File, Format Version 12.00
# Visual Studio Version 17
VisualStudioVersion = 17.9.34728.123
MinimumVisualStudioVersion = 10.0.40219.1
Project("{FAE04EC0-301F-11D3-BF4B-00C04F79EFBC}") = "ex18_winControlApp", "ex18_winControlApp\ex18_winControlApp.csproj", "{5D5210FC-3EC7-4592-BAC4-A08149B6F2EC}"
EndProject
Global
	GlobalSection(SolutionConfigurationPlatforms) = preSolution
		Debug|Any CPU = Debug|Any CPU
		Release|Any CPU = Release|Any CPU
	EndGlobalSection
	GlobalSection(ProjectConfigurationPlatforms) = postSolution
		{5D5210FC-3EC7-4592-BAC4-A08149B6F2EC}.Debug|Any CPU.ActiveCfg = Debug|Any CPU
		{5D5210FC-3EC7-4592-BAC4-A08149B6F2EC}.Debug|Any CPU.Build.0 = Debug|Any CPU
		{5D5210FC-3EC7-4592-BAC4-A08149B6F2EC}.Release|Any CPU.ActiveCfg = Release|Any CPU
		{5D5210FC-3EC7-4592-BAC4-A08149B6F2EC}.Release|Any CPU.Build.0 = Release|Any CPU
	EndGlobalSection
	GlobalSection(SolutionProperties) = preSolution
		HideSolutionNode = FALSE
	EndGlobalSection
	GlobalSection(ExtensibilityGlobals) = postSolution
		SolutionGuid = {A05E4B79-9228-4250-AA83-4AA522841524}
	EndGlobalSection
EndGlobal
