
Microsoft Visual Studio Solution File, Format Version 12.00
# Visual Studio Version 17
VisualStudioVersion = 17.9.34728.123
MinimumVisualStudioVersion = 10.0.40219.1
Project("{FAE04EC0-301F-11D3-BF4B-00C04F79EFBC}") = "ex03_loops", "ex03_loops\ex03_loops.csproj", "{FE6759B4-8E36-407B-8D9B-C6B00E7AF74F}"
EndProject
Project("{FAE04EC0-301F-11D3-BF4B-00C04F79EFBC}") = "ex04_methods", "ex04_methods\ex04_methods.csproj", "{7D6DC340-0EAF-40E2-ACB2-F3A54071B851}"
EndProject
Project("{FAE04EC0-301F-11D3-BF4B-00C04F79EFBC}") = "ex005_classes", "ex005_classes\ex005_classes.csproj", "{C31014F8-53AE-4E2A-AC23-E156F553927C}"
EndProject
Project("{FAE04EC0-301F-11D3-BF4B-00C04F79EFBC}") = "ex06_properties", "ex06_properties\ex06_properties.csproj", "{4D00CB7F-61B8-424A-B0DC-7A37F8473BBE}"
EndProject
Global
	GlobalSection(SolutionConfigurationPlatforms) = preSolution
		Debug|Any CPU = Debug|Any CPU
		Release|Any CPU = Release|Any CPU
	EndGlobalSection
	GlobalSection(ProjectConfigurationPlatforms) = postSolution
		{FE6759B4-8E36-407B-8D9B-C6B00E7AF74F}.Debug|Any CPU.ActiveCfg = Debug|Any CPU
		{FE6759B4-8E36-407B-8D9B-C6B00E7AF74F}.Debug|Any CPU.Build.0 = Debug|Any CPU
		{FE6759B4-8E36-407B-8D9B-C6B00E7AF74F}.Release|Any CPU.ActiveCfg = Release|Any CPU
		{FE6759B4-8E36-407B-8D9B-C6B00E7AF74F}.Release|Any CPU.Build.0 = Release|Any CPU
		{7D6DC340-0EAF-40E2-ACB2-F3A54071B851}.Debug|Any CPU.ActiveCfg = Debug|Any CPU
		{7D6DC340-0EAF-40E2-ACB2-F3A54071B851}.Debug|Any CPU.Build.0 = Debug|Any CPU
		{7D6DC340-0EAF-40E2-ACB2-F3A54071B851}.Release|Any CPU.ActiveCfg = Release|Any CPU
		{7D6DC340-0EAF-40E2-ACB2-F3A54071B851}.Release|Any CPU.Build.0 = Release|Any CPU
		{C31014F8-53AE-4E2A-AC23-E156F553927C}.Debug|Any CPU.ActiveCfg = Debug|Any CPU
		{C31014F8-53AE-4E2A-AC23-E156F553927C}.Debug|Any CPU.Build.0 = Debug|Any CPU
		{C31014F8-53AE-4E2A-AC23-E156F553927C}.Release|Any CPU.ActiveCfg = Release|Any CPU
		{C31014F8-53AE-4E2A-AC23-E156F553927C}.Release|Any CPU.Build.0 = Release|Any CPU
		{4D00CB7F-61B8-424A-B0DC-7A37F8473BBE}.Debug|Any CPU.ActiveCfg = Debug|Any CPU
		{4D00CB7F-61B8-424A-B0DC-7A37F8473BBE}.Debug|Any CPU.Build.0 = Debug|Any CPU
		{4D00CB7F-61B8-424A-B0DC-7A37F8473BBE}.Release|Any CPU.ActiveCfg = Release|Any CPU
		{4D00CB7F-61B8-424A-B0DC-7A37F8473BBE}.Release|Any CPU.Build.0 = Release|Any CPU
	EndGlobalSection
	GlobalSection(SolutionProperties) = preSolution
		HideSolutionNode = FALSE
	EndGlobalSection
	GlobalSection(ExtensibilityGlobals) = postSolution
		SolutionGuid = {DC53E242-B2D1-477D-84D3-9D2036C7F106}
	EndGlobalSection
EndGlobal
